// !$*UTF8*$!
{
	archiveVersion = 1;
	classes = {
	};
	objectVersion = 46;
	objects = {

/* Begin PBXBuildFile section */
		7208CA681F0180CD00226321 /* SmartDeviceTableViewCell.m in Sources */ = {isa = PBXBuildFile; fileRef = 7208CA661F0180CD00226321 /* SmartDeviceTableViewCell.m */; };
		7208CA691F0180CD00226321 /* SmartDeviceTableViewCell.xib in Resources */ = {isa = PBXBuildFile; fileRef = 7208CA671F0180CD00226321 /* SmartDeviceTableViewCell.xib */; };
		7208CA791F01B33800226321 /* HomeTableViewCell.m in Sources */ = {isa = PBXBuildFile; fileRef = 7208CA771F01B33800226321 /* HomeTableViewCell.m */; };
		7208CA7A1F01B33800226321 /* HomeTableViewCell.xib in Resources */ = {isa = PBXBuildFile; fileRef = 7208CA781F01B33800226321 /* HomeTableViewCell.xib */; };
		7208CA7E1F01D07300226321 /* CompassViewController.m in Sources */ = {isa = PBXBuildFile; fileRef = 7208CA7C1F01D07300226321 /* CompassViewController.m */; };
		7208CA7F1F01D07300226321 /* CompassViewController.xib in Resources */ = {isa = PBXBuildFile; fileRef = 7208CA7D1F01D07300226321 /* CompassViewController.xib */; };
		7208CA831F01E05E00226321 /* CompassTableViewCell.m in Sources */ = {isa = PBXBuildFile; fileRef = 7208CA811F01E05E00226321 /* CompassTableViewCell.m */; };
		7208CA841F01E05E00226321 /* CompassTableViewCell.xib in Resources */ = {isa = PBXBuildFile; fileRef = 7208CA821F01E05E00226321 /* CompassTableViewCell.xib */; };
		7226082D1EFC33E800C057B4 /* ResourceCell.m in Sources */ = {isa = PBXBuildFile; fileRef = 7226082B1EFC33E800C057B4 /* ResourceCell.m */; };
		7226082E1EFC33E800C057B4 /* ResourceCell.xib in Resources */ = {isa = PBXBuildFile; fileRef = 7226082C1EFC33E800C057B4 /* ResourceCell.xib */; };
		72366EDF1ED79E7E00BD1D28 /* DeviceListViewController.xib in Resources */ = {isa = PBXBuildFile; fileRef = 72366EDE1ED79E7E00BD1D28 /* DeviceListViewController.xib */; };
		723CB0DF1F1562F300585A70 /* ios in Resources */ = {isa = PBXBuildFile; fileRef = 723CB0DE1F1562F300585A70 /* ios */; };
		723CB0E01F15630200585A70 /* iotivity-csdk.framework in Frameworks */ = {isa = PBXBuildFile; fileRef = AD9E38FB1ED0BFDD00EFA8A4 /* iotivity-csdk.framework */; };
		723E92EE1F101B7800C5C1DB /* Charts.framework in Frameworks */ = {isa = PBXBuildFile; fileRef = 72562F111F06E57100ADC5D4 /* Charts.framework */; };
		723E92EF1F101B7800C5C1DB /* Charts.framework in Embed Frameworks */ = {isa = PBXBuildFile; fileRef = 72562F111F06E57100ADC5D4 /* Charts.framework */; settings = {ATTRIBUTES = (CodeSignOnCopy, RemoveHeadersOnCopy, ); }; };
		7250ED951F26C18F00DB9294 /* LightViewController.m in Sources */ = {isa = PBXBuildFile; fileRef = 7250ED931F26C18F00DB9294 /* LightViewController.m */; };
		7250ED961F26C18F00DB9294 /* LightViewController.xib in Resources */ = {isa = PBXBuildFile; fileRef = 7250ED941F26C18F00DB9294 /* LightViewController.xib */; };
		727104F91F1D466600A43DBF /* lightimg.png in Resources */ = {isa = PBXBuildFile; fileRef = 727104F71F1D466600A43DBF /* lightimg.png */; };
		727104FA1F1D466600A43DBF /* sensorimg.png in Resources */ = {isa = PBXBuildFile; fileRef = 727104F81F1D466600A43DBF /* sensorimg.png */; };
		727104FF1F1D69AE00A43DBF /* SensorViewController.m in Sources */ = {isa = PBXBuildFile; fileRef = 727104FD1F1D69AE00A43DBF /* SensorViewController.m */; };
		727105001F1D69AE00A43DBF /* SensorViewController.xib in Resources */ = {isa = PBXBuildFile; fileRef = 727104FE1F1D69AE00A43DBF /* SensorViewController.xib */; };
		727105041F1D71E000A43DBF /* SensorTableViewCell.m in Sources */ = {isa = PBXBuildFile; fileRef = 727105021F1D71E000A43DBF /* SensorTableViewCell.m */; };
		727105051F1D71E000A43DBF /* SensorTableViewCell.xib in Resources */ = {isa = PBXBuildFile; fileRef = 727105031F1D71E000A43DBF /* SensorTableViewCell.xib */; };
		727105081F1D76A600A43DBF /* linechart.png in Resources */ = {isa = PBXBuildFile; fileRef = 727105071F1D76A600A43DBF /* linechart.png */; };
		728E0B3F1F0173940022F03F /* SmartDeviceViewController.m in Sources */ = {isa = PBXBuildFile; fileRef = 728E0B3D1F0173940022F03F /* SmartDeviceViewController.m */; };
		728E0B401F0173940022F03F /* SmartDeviceViewController.xib in Resources */ = {isa = PBXBuildFile; fileRef = 728E0B3E1F0173940022F03F /* SmartDeviceViewController.xib */; };
		72C2817D1EFC37A400127D9A /* PeripheralResource.m in Sources */ = {isa = PBXBuildFile; fileRef = 72C2817C1EFC37A400127D9A /* PeripheralResource.m */; };
		72C281861EFC393C00127D9A /* HomeViewController.m in Sources */ = {isa = PBXBuildFile; fileRef = 72C281841EFC393C00127D9A /* HomeViewController.m */; };
		72C281871EFC393C00127D9A /* HomeViewController.xib in Resources */ = {isa = PBXBuildFile; fileRef = 72C281851EFC393C00127D9A /* HomeViewController.xib */; };
		72C281891EFC3A1F00127D9A /* Main.storyboard in Resources */ = {isa = PBXBuildFile; fileRef = 72C281881EFC3A1F00127D9A /* Main.storyboard */; };
		72CE41101EFB26E600640431 /* DeviceViewController.xib in Resources */ = {isa = PBXBuildFile; fileRef = 72CE40FF1EFB26E600640431 /* DeviceViewController.xib */; };
		72CE411B1EFB277F00640431 /* DeviceViewController.m in Sources */ = {isa = PBXBuildFile; fileRef = 72CE411A1EFB277F00640431 /* DeviceViewController.m */; };
		AD2297BB1ECA2A8200467CF0 /* main.m in Sources */ = {isa = PBXBuildFile; fileRef = AD2297BA1ECA2A8200467CF0 /* main.m */; };
		AD2297BE1ECA2A8200467CF0 /* AppDelegate.m in Sources */ = {isa = PBXBuildFile; fileRef = AD2297BD1ECA2A8200467CF0 /* AppDelegate.m */; };
		AD2297C61ECA2A8200467CF0 /* Assets.xcassets in Resources */ = {isa = PBXBuildFile; fileRef = AD2297C51ECA2A8200467CF0 /* Assets.xcassets */; };
		AD2297C91ECA2A8200467CF0 /* LaunchScreen.storyboard in Resources */ = {isa = PBXBuildFile; fileRef = AD2297C71ECA2A8200467CF0 /* LaunchScreen.storyboard */; };
		AD2297D41ECA2A8200467CF0 /* iotivity_sampleTests.m in Sources */ = {isa = PBXBuildFile; fileRef = AD2297D31ECA2A8200467CF0 /* iotivity_sampleTests.m */; };
		AD2297DF1ECA2A8200467CF0 /* iotivity_sampleUITests.m in Sources */ = {isa = PBXBuildFile; fileRef = AD2297DE1ECA2A8200467CF0 /* iotivity_sampleUITests.m */; };
		AD2298031ECA467600467CF0 /* DeviceListViewController.m in Sources */ = {isa = PBXBuildFile; fileRef = AD2298011ECA467600467CF0 /* DeviceListViewController.m */; };
		AD22980D1ECA4CA600467CF0 /* DeviceCell.m in Sources */ = {isa = PBXBuildFile; fileRef = AD22980B1ECA4CA600467CF0 /* DeviceCell.m */; };
		AD22980E1ECA4CA600467CF0 /* DeviceCell.xib in Resources */ = {isa = PBXBuildFile; fileRef = AD22980C1ECA4CA600467CF0 /* DeviceCell.xib */; };
		AD2298111ECA50B500467CF0 /* iotivity_itf.m in Sources */ = {isa = PBXBuildFile; fileRef = AD2298101ECA50B500467CF0 /* iotivity_itf.m */; };
		AD2298131ECA554F00467CF0 /* CoreBluetooth.framework in Frameworks */ = {isa = PBXBuildFile; fileRef = AD2298121ECA554F00467CF0 /* CoreBluetooth.framework */; };
		ADE3DE0F1ECBA7360084364C /* Peripheral.m in Sources */ = {isa = PBXBuildFile; fileRef = ADE3DE0E1ECBA7360084364C /* Peripheral.m */; };
/* End PBXBuildFile section */

/* Begin PBXContainerItemProxy section */
		723E92F01F101B7800C5C1DB /* PBXContainerItemProxy */ = {
			isa = PBXContainerItemProxy;
			containerPortal = 72562F0B1F06E57100ADC5D4 /* Charts.xcodeproj */;
			proxyType = 1;
			remoteGlobalIDString = 06165F231D8110E600722320;
			remoteInfo = Charts;
		};
		72562F101F06E57100ADC5D4 /* PBXContainerItemProxy */ = {
			isa = PBXContainerItemProxy;
			containerPortal = 72562F0B1F06E57100ADC5D4 /* Charts.xcodeproj */;
			proxyType = 2;
			remoteGlobalIDString = 06165F241D8110E600722320;
			remoteInfo = Charts;
		};
		72562F121F06E57100ADC5D4 /* PBXContainerItemProxy */ = {
			isa = PBXContainerItemProxy;
			containerPortal = 72562F0B1F06E57100ADC5D4 /* Charts.xcodeproj */;
			proxyType = 2;
			remoteGlobalIDString = 06165F2E1D8110E600722320;
			remoteInfo = ChartsTests;
		};
		AD2297D01ECA2A8200467CF0 /* PBXContainerItemProxy */ = {
			isa = PBXContainerItemProxy;
			containerPortal = AD2297AE1ECA2A8200467CF0 /* Project object */;
			proxyType = 1;
			remoteGlobalIDString = AD2297B51ECA2A8200467CF0;
			remoteInfo = iotivity_sample;
		};
		AD2297DB1ECA2A8200467CF0 /* PBXContainerItemProxy */ = {
			isa = PBXContainerItemProxy;
			containerPortal = AD2297AE1ECA2A8200467CF0 /* Project object */;
			proxyType = 1;
			remoteGlobalIDString = AD2297B51ECA2A8200467CF0;
			remoteInfo = iotivity_sample;
		};
/* End PBXContainerItemProxy section */

/* Begin PBXCopyFilesBuildPhase section */
		723E92F21F101B7800C5C1DB /* Embed Frameworks */ = {
			isa = PBXCopyFilesBuildPhase;
			buildActionMask = 2147483647;
			dstPath = "";
			dstSubfolderSpec = 10;
			files = (
				723E92EF1F101B7800C5C1DB /* Charts.framework in Embed Frameworks */,
			);
			name = "Embed Frameworks";
			runOnlyForDeploymentPostprocessing = 0;
		};
/* End PBXCopyFilesBuildPhase section */

/* Begin PBXFileReference section */
		7208CA651F0180CD00226321 /* SmartDeviceTableViewCell.h */ = {isa = PBXFileReference; fileEncoding = 4; lastKnownFileType = sourcecode.c.h; path = SmartDeviceTableViewCell.h; sourceTree = "<group>"; };
		7208CA661F0180CD00226321 /* SmartDeviceTableViewCell.m */ = {isa = PBXFileReference; fileEncoding = 4; lastKnownFileType = sourcecode.c.objc; path = SmartDeviceTableViewCell.m; sourceTree = "<group>"; };
		7208CA671F0180CD00226321 /* SmartDeviceTableViewCell.xib */ = {isa = PBXFileReference; fileEncoding = 4; lastKnownFileType = file.xib; path = SmartDeviceTableViewCell.xib; sourceTree = "<group>"; };
		7208CA761F01B33800226321 /* HomeTableViewCell.h */ = {isa = PBXFileReference; fileEncoding = 4; lastKnownFileType = sourcecode.c.h; path = HomeTableViewCell.h; sourceTree = "<group>"; };
		7208CA771F01B33800226321 /* HomeTableViewCell.m */ = {isa = PBXFileReference; fileEncoding = 4; lastKnownFileType = sourcecode.c.objc; path = HomeTableViewCell.m; sourceTree = "<group>"; };
		7208CA781F01B33800226321 /* HomeTableViewCell.xib */ = {isa = PBXFileReference; fileEncoding = 4; lastKnownFileType = file.xib; path = HomeTableViewCell.xib; sourceTree = "<group>"; };
		7208CA7B1F01D07300226321 /* CompassViewController.h */ = {isa = PBXFileReference; fileEncoding = 4; lastKnownFileType = sourcecode.c.h; name = CompassViewController.h; path = ../CompassViewController.h; sourceTree = "<group>"; };
		7208CA7C1F01D07300226321 /* CompassViewController.m */ = {isa = PBXFileReference; fileEncoding = 4; lastKnownFileType = sourcecode.c.objc; name = CompassViewController.m; path = ../CompassViewController.m; sourceTree = "<group>"; };
		7208CA7D1F01D07300226321 /* CompassViewController.xib */ = {isa = PBXFileReference; fileEncoding = 4; lastKnownFileType = file.xib; name = CompassViewController.xib; path = ../CompassViewController.xib; sourceTree = "<group>"; };
		7208CA801F01E05E00226321 /* CompassTableViewCell.h */ = {isa = PBXFileReference; fileEncoding = 4; lastKnownFileType = sourcecode.c.h; name = CompassTableViewCell.h; path = ../CompassTableViewCell.h; sourceTree = "<group>"; };
		7208CA811F01E05E00226321 /* CompassTableViewCell.m */ = {isa = PBXFileReference; fileEncoding = 4; lastKnownFileType = sourcecode.c.objc; name = CompassTableViewCell.m; path = ../CompassTableViewCell.m; sourceTree = "<group>"; };
		7208CA821F01E05E00226321 /* CompassTableViewCell.xib */ = {isa = PBXFileReference; fileEncoding = 4; lastKnownFileType = file.xib; name = CompassTableViewCell.xib; path = ../CompassTableViewCell.xib; sourceTree = "<group>"; };
		7226082A1EFC33E800C057B4 /* ResourceCell.h */ = {isa = PBXFileReference; fileEncoding = 4; lastKnownFileType = sourcecode.c.h; path = ResourceCell.h; sourceTree = "<group>"; };
		7226082B1EFC33E800C057B4 /* ResourceCell.m */ = {isa = PBXFileReference; fileEncoding = 4; lastKnownFileType = sourcecode.c.objc; path = ResourceCell.m; sourceTree = "<group>"; };
		7226082C1EFC33E800C057B4 /* ResourceCell.xib */ = {isa = PBXFileReference; fileEncoding = 4; lastKnownFileType = file.xib; path = ResourceCell.xib; sourceTree = "<group>"; };
		72366EDE1ED79E7E00BD1D28 /* DeviceListViewController.xib */ = {isa = PBXFileReference; fileEncoding = 4; lastKnownFileType = file.xib; path = DeviceListViewController.xib; sourceTree = "<group>"; };
		723CB0DE1F1562F300585A70 /* ios */ = {isa = PBXFileReference; lastKnownFileType = folder; name = ios; path = iotivity_sample/iotivity/out/ios; sourceTree = "<group>"; };
		7250ED921F26C18F00DB9294 /* LightViewController.h */ = {isa = PBXFileReference; fileEncoding = 4; lastKnownFileType = sourcecode.c.h; path = LightViewController.h; sourceTree = "<group>"; };
		7250ED931F26C18F00DB9294 /* LightViewController.m */ = {isa = PBXFileReference; fileEncoding = 4; lastKnownFileType = sourcecode.c.objc; path = LightViewController.m; sourceTree = "<group>"; };
		7250ED941F26C18F00DB9294 /* LightViewController.xib */ = {isa = PBXFileReference; fileEncoding = 4; lastKnownFileType = file.xib; path = LightViewController.xib; sourceTree = "<group>"; };
		72562F011F06DC6900ADC5D4 /* Charts.framework */ = {isa = PBXFileReference; lastKnownFileType = wrapper.framework; name = Charts.framework; path = "../../Library/Developer/Xcode/DerivedData/iotivity_sample-bydqnbpyuvszzjerzvyzfkbjkdgy/Build/Products/Debug-iphoneos/Charts/Charts.framework"; sourceTree = "<group>"; };
		72562F061F06E23900ADC5D4 /* iotivity_sample-Bridging-Header.h */ = {isa = PBXFileReference; lastKnownFileType = sourcecode.c.h; path = "iotivity_sample-Bridging-Header.h"; sourceTree = "<group>"; };
		72562F0B1F06E57100ADC5D4 /* Charts.xcodeproj */ = {isa = PBXFileReference; lastKnownFileType = "wrapper.pb-project"; name = Charts.xcodeproj; path = ../../Charts/Charts.xcodeproj; sourceTree = "<group>"; };
		727104F71F1D466600A43DBF /* lightimg.png */ = {isa = PBXFileReference; lastKnownFileType = image.png; path = lightimg.png; sourceTree = "<group>"; };
		727104F81F1D466600A43DBF /* sensorimg.png */ = {isa = PBXFileReference; lastKnownFileType = image.png; path = sensorimg.png; sourceTree = "<group>"; };
		727104FC1F1D69AE00A43DBF /* SensorViewController.h */ = {isa = PBXFileReference; fileEncoding = 4; lastKnownFileType = sourcecode.c.h; path = SensorViewController.h; sourceTree = "<group>"; };
		727104FD1F1D69AE00A43DBF /* SensorViewController.m */ = {isa = PBXFileReference; fileEncoding = 4; lastKnownFileType = sourcecode.c.objc; path = SensorViewController.m; sourceTree = "<group>"; };
		727104FE1F1D69AE00A43DBF /* SensorViewController.xib */ = {isa = PBXFileReference; fileEncoding = 4; lastKnownFileType = file.xib; path = SensorViewController.xib; sourceTree = "<group>"; };
		727105011F1D71E000A43DBF /* SensorTableViewCell.h */ = {isa = PBXFileReference; fileEncoding = 4; lastKnownFileType = sourcecode.c.h; path = SensorTableViewCell.h; sourceTree = "<group>"; };
		727105021F1D71E000A43DBF /* SensorTableViewCell.m */ = {isa = PBXFileReference; fileEncoding = 4; lastKnownFileType = sourcecode.c.objc; path = SensorTableViewCell.m; sourceTree = "<group>"; };
		727105031F1D71E000A43DBF /* SensorTableViewCell.xib */ = {isa = PBXFileReference; fileEncoding = 4; lastKnownFileType = file.xib; path = SensorTableViewCell.xib; sourceTree = "<group>"; };
		727105071F1D76A600A43DBF /* linechart.png */ = {isa = PBXFileReference; lastKnownFileType = image.png; path = linechart.png; sourceTree = "<group>"; };
		728E0B3C1F0173940022F03F /* SmartDeviceViewController.h */ = {isa = PBXFileReference; fileEncoding = 4; lastKnownFileType = sourcecode.c.h; path = SmartDeviceViewController.h; sourceTree = "<group>"; };
		728E0B3D1F0173940022F03F /* SmartDeviceViewController.m */ = {isa = PBXFileReference; fileEncoding = 4; lastKnownFileType = sourcecode.c.objc; path = SmartDeviceViewController.m; sourceTree = "<group>"; };
		728E0B3E1F0173940022F03F /* SmartDeviceViewController.xib */ = {isa = PBXFileReference; fileEncoding = 4; lastKnownFileType = file.xib; path = SmartDeviceViewController.xib; sourceTree = "<group>"; };
		72C2817B1EFC37A400127D9A /* PeripheralResource.h */ = {isa = PBXFileReference; fileEncoding = 4; lastKnownFileType = sourcecode.c.h; path = PeripheralResource.h; sourceTree = "<group>"; };
		72C2817C1EFC37A400127D9A /* PeripheralResource.m */ = {isa = PBXFileReference; fileEncoding = 4; lastKnownFileType = sourcecode.c.objc; path = PeripheralResource.m; sourceTree = "<group>"; };
		72C281831EFC393C00127D9A /* HomeViewController.h */ = {isa = PBXFileReference; fileEncoding = 4; lastKnownFileType = sourcecode.c.h; path = HomeViewController.h; sourceTree = "<group>"; };
		72C281841EFC393C00127D9A /* HomeViewController.m */ = {isa = PBXFileReference; fileEncoding = 4; lastKnownFileType = sourcecode.c.objc; path = HomeViewController.m; sourceTree = "<group>"; };
		72C281851EFC393C00127D9A /* HomeViewController.xib */ = {isa = PBXFileReference; fileEncoding = 4; lastKnownFileType = file.xib; path = HomeViewController.xib; sourceTree = "<group>"; };
		72C281881EFC3A1F00127D9A /* Main.storyboard */ = {isa = PBXFileReference; fileEncoding = 4; lastKnownFileType = file.storyboard; path = Main.storyboard; sourceTree = "<group>"; };
		72C2818C1EFC3B9E00127D9A /* Constants.h */ = {isa = PBXFileReference; lastKnownFileType = sourcecode.c.h; path = Constants.h; sourceTree = "<group>"; };
		72CE40FA1EFB26E600640431 /* DeviceViewController.h */ = {isa = PBXFileReference; fileEncoding = 4; lastKnownFileType = sourcecode.c.h; path = DeviceViewController.h; sourceTree = "<group>"; };
		72CE40FF1EFB26E600640431 /* DeviceViewController.xib */ = {isa = PBXFileReference; fileEncoding = 4; lastKnownFileType = file.xib; path = DeviceViewController.xib; sourceTree = "<group>"; };
		72CE411A1EFB277F00640431 /* DeviceViewController.m */ = {isa = PBXFileReference; fileEncoding = 4; lastKnownFileType = sourcecode.c.objc; path = DeviceViewController.m; sourceTree = "<group>"; };
		AD2297B61ECA2A8200467CF0 /* iotivity_sample.app */ = {isa = PBXFileReference; explicitFileType = wrapper.application; includeInIndex = 0; path = iotivity_sample.app; sourceTree = BUILT_PRODUCTS_DIR; };
		AD2297BA1ECA2A8200467CF0 /* main.m */ = {isa = PBXFileReference; lastKnownFileType = sourcecode.c.objc; path = main.m; sourceTree = "<group>"; };
		AD2297BC1ECA2A8200467CF0 /* AppDelegate.h */ = {isa = PBXFileReference; lastKnownFileType = sourcecode.c.h; path = AppDelegate.h; sourceTree = "<group>"; };
		AD2297BD1ECA2A8200467CF0 /* AppDelegate.m */ = {isa = PBXFileReference; lastKnownFileType = sourcecode.c.objc; path = AppDelegate.m; sourceTree = "<group>"; };
		AD2297C51ECA2A8200467CF0 /* Assets.xcassets */ = {isa = PBXFileReference; lastKnownFileType = folder.assetcatalog; path = Assets.xcassets; sourceTree = "<group>"; };
		AD2297C81ECA2A8200467CF0 /* Base */ = {isa = PBXFileReference; lastKnownFileType = file.storyboard; name = Base; path = Base.lproj/LaunchScreen.storyboard; sourceTree = "<group>"; };
		AD2297CA1ECA2A8200467CF0 /* Info.plist */ = {isa = PBXFileReference; lastKnownFileType = text.plist.xml; path = Info.plist; sourceTree = "<group>"; };
		AD2297CF1ECA2A8200467CF0 /* iotivity_sampleTests.xctest */ = {isa = PBXFileReference; explicitFileType = wrapper.cfbundle; includeInIndex = 0; path = iotivity_sampleTests.xctest; sourceTree = BUILT_PRODUCTS_DIR; };
		AD2297D31ECA2A8200467CF0 /* iotivity_sampleTests.m */ = {isa = PBXFileReference; lastKnownFileType = sourcecode.c.objc; path = iotivity_sampleTests.m; sourceTree = "<group>"; };
		AD2297D51ECA2A8200467CF0 /* Info.plist */ = {isa = PBXFileReference; lastKnownFileType = text.plist.xml; path = Info.plist; sourceTree = "<group>"; };
		AD2297DA1ECA2A8200467CF0 /* iotivity_sampleUITests.xctest */ = {isa = PBXFileReference; explicitFileType = wrapper.cfbundle; includeInIndex = 0; path = iotivity_sampleUITests.xctest; sourceTree = BUILT_PRODUCTS_DIR; };
		AD2297DE1ECA2A8200467CF0 /* iotivity_sampleUITests.m */ = {isa = PBXFileReference; lastKnownFileType = sourcecode.c.objc; path = iotivity_sampleUITests.m; sourceTree = "<group>"; };
		AD2297E01ECA2A8200467CF0 /* Info.plist */ = {isa = PBXFileReference; lastKnownFileType = text.plist.xml; path = Info.plist; sourceTree = "<group>"; };
		AD2298001ECA467600467CF0 /* DeviceListViewController.h */ = {isa = PBXFileReference; fileEncoding = 4; lastKnownFileType = sourcecode.c.h; path = DeviceListViewController.h; sourceTree = "<group>"; };
		AD2298011ECA467600467CF0 /* DeviceListViewController.m */ = {isa = PBXFileReference; fileEncoding = 4; lastKnownFileType = sourcecode.c.objc; path = DeviceListViewController.m; sourceTree = "<group>"; };
		AD22980A1ECA4CA600467CF0 /* DeviceCell.h */ = {isa = PBXFileReference; fileEncoding = 4; lastKnownFileType = sourcecode.c.h; path = DeviceCell.h; sourceTree = "<group>"; };
		AD22980B1ECA4CA600467CF0 /* DeviceCell.m */ = {isa = PBXFileReference; fileEncoding = 4; lastKnownFileType = sourcecode.c.objc; path = DeviceCell.m; sourceTree = "<group>"; };
		AD22980C1ECA4CA600467CF0 /* DeviceCell.xib */ = {isa = PBXFileReference; fileEncoding = 4; lastKnownFileType = file.xib; path = DeviceCell.xib; sourceTree = "<group>"; };
		AD22980F1ECA50B500467CF0 /* iotivity_itf.h */ = {isa = PBXFileReference; fileEncoding = 4; lastKnownFileType = sourcecode.c.h; path = iotivity_itf.h; sourceTree = "<group>"; };
		AD2298101ECA50B500467CF0 /* iotivity_itf.m */ = {isa = PBXFileReference; fileEncoding = 4; lastKnownFileType = sourcecode.c.objc; path = iotivity_itf.m; sourceTree = "<group>"; };
		AD2298121ECA554F00467CF0 /* CoreBluetooth.framework */ = {isa = PBXFileReference; lastKnownFileType = wrapper.framework; name = CoreBluetooth.framework; path = System/Library/Frameworks/CoreBluetooth.framework; sourceTree = SDKROOT; };
		AD9E38FB1ED0BFDD00EFA8A4 /* iotivity-csdk.framework */ = {isa = PBXFileReference; lastKnownFileType = wrapper.framework; name = "iotivity-csdk.framework"; path = "iotivity_sample/iotivity/out/ios/iotivity-csdk.framework"; sourceTree = "<group>"; };
		ADE3DE0D1ECBA7360084364C /* Peripheral.h */ = {isa = PBXFileReference; fileEncoding = 4; lastKnownFileType = sourcecode.c.h; path = Peripheral.h; sourceTree = "<group>"; };
		ADE3DE0E1ECBA7360084364C /* Peripheral.m */ = {isa = PBXFileReference; fileEncoding = 4; lastKnownFileType = sourcecode.c.objc; path = Peripheral.m; sourceTree = "<group>"; };
/* End PBXFileReference section */

/* Begin PBXFrameworksBuildPhase section */
		AD2297B31ECA2A8200467CF0 /* Frameworks */ = {
			isa = PBXFrameworksBuildPhase;
			buildActionMask = 2147483647;
			files = (
				723CB0E01F15630200585A70 /* iotivity-csdk.framework in Frameworks */,
				723E92EE1F101B7800C5C1DB /* Charts.framework in Frameworks */,
				AD2298131ECA554F00467CF0 /* CoreBluetooth.framework in Frameworks */,
			);
			runOnlyForDeploymentPostprocessing = 0;
		};
		AD2297CC1ECA2A8200467CF0 /* Frameworks */ = {
			isa = PBXFrameworksBuildPhase;
			buildActionMask = 2147483647;
			files = (
			);
			runOnlyForDeploymentPostprocessing = 0;
		};
		AD2297D71ECA2A8200467CF0 /* Frameworks */ = {
			isa = PBXFrameworksBuildPhase;
			buildActionMask = 2147483647;
			files = (
			);
			runOnlyForDeploymentPostprocessing = 0;
		};
/* End PBXFrameworksBuildPhase section */

/* Begin PBXGroup section */
		7208CA751F01B31500226321 /* HomeViewController */ = {
			isa = PBXGroup;
			children = (
				7208CA7B1F01D07300226321 /* CompassViewController.h */,
				7208CA7C1F01D07300226321 /* CompassViewController.m */,
				7208CA7D1F01D07300226321 /* CompassViewController.xib */,
				7208CA801F01E05E00226321 /* CompassTableViewCell.h */,
				7208CA811F01E05E00226321 /* CompassTableViewCell.m */,
				7208CA821F01E05E00226321 /* CompassTableViewCell.xib */,
				727104FC1F1D69AE00A43DBF /* SensorViewController.h */,
				727104FD1F1D69AE00A43DBF /* SensorViewController.m */,
				727104FE1F1D69AE00A43DBF /* SensorViewController.xib */,
				728E0B3C1F0173940022F03F /* SmartDeviceViewController.h */,
				728E0B3D1F0173940022F03F /* SmartDeviceViewController.m */,
				728E0B3E1F0173940022F03F /* SmartDeviceViewController.xib */,
				72C281831EFC393C00127D9A /* HomeViewController.h */,
				72C281841EFC393C00127D9A /* HomeViewController.m */,
				72C281851EFC393C00127D9A /* HomeViewController.xib */,
				7208CA761F01B33800226321 /* HomeTableViewCell.h */,
				7208CA771F01B33800226321 /* HomeTableViewCell.m */,
				7208CA781F01B33800226321 /* HomeTableViewCell.xib */,
				727105011F1D71E000A43DBF /* SensorTableViewCell.h */,
				727105021F1D71E000A43DBF /* SensorTableViewCell.m */,
				727105031F1D71E000A43DBF /* SensorTableViewCell.xib */,
				7250ED921F26C18F00DB9294 /* LightViewController.h */,
				7250ED931F26C18F00DB9294 /* LightViewController.m */,
				7250ED941F26C18F00DB9294 /* LightViewController.xib */,
			);
			name = HomeViewController;
			sourceTree = "<group>";
		};
		72562F0C1F06E57100ADC5D4 /* Products */ = {
			isa = PBXGroup;
			children = (
				72562F111F06E57100ADC5D4 /* Charts.framework */,
				72562F131F06E57100ADC5D4 /* ChartsTests.xctest */,
			);
			name = Products;
			sourceTree = "<group>";
		};
		728E0B411F01739A0022F03F /* SmartDeviceViewController */ = {
			isa = PBXGroup;
			children = (
				7208CA651F0180CD00226321 /* SmartDeviceTableViewCell.h */,
				7208CA661F0180CD00226321 /* SmartDeviceTableViewCell.m */,
				7208CA671F0180CD00226321 /* SmartDeviceTableViewCell.xib */,
			);
			name = SmartDeviceViewController;
			sourceTree = "<group>";
		};
		72C2817E1EFC37AF00127D9A /* Peripheral classes */ = {
			isa = PBXGroup;
			children = (
				72C2817B1EFC37A400127D9A /* PeripheralResource.h */,
				72C2817C1EFC37A400127D9A /* PeripheralResource.m */,
				ADE3DE0D1ECBA7360084364C /* Peripheral.h */,
				ADE3DE0E1ECBA7360084364C /* Peripheral.m */,
			);
			name = "Peripheral classes";
			sourceTree = "<group>";
		};
		72C2817F1EFC37C800127D9A /* DeviceViewController */ = {
			isa = PBXGroup;
			children = (
				72CE411A1EFB277F00640431 /* DeviceViewController.m */,
				72CE40FA1EFB26E600640431 /* DeviceViewController.h */,
				72CE40FF1EFB26E600640431 /* DeviceViewController.xib */,
			);
			name = DeviceViewController;
			sourceTree = "<group>";
		};
		72C281801EFC37D400127D9A /* DeviceListViewController */ = {
			isa = PBXGroup;
			children = (
				AD2298001ECA467600467CF0 /* DeviceListViewController.h */,
				AD2298011ECA467600467CF0 /* DeviceListViewController.m */,
				72366EDE1ED79E7E00BD1D28 /* DeviceListViewController.xib */,
			);
			name = DeviceListViewController;
			sourceTree = "<group>";
		};
		72C281811EFC383000127D9A /* Custom Cells */ = {
			isa = PBXGroup;
			children = (
				7226082A1EFC33E800C057B4 /* ResourceCell.h */,
				7226082B1EFC33E800C057B4 /* ResourceCell.m */,
				7226082C1EFC33E800C057B4 /* ResourceCell.xib */,
				AD22980A1ECA4CA600467CF0 /* DeviceCell.h */,
				AD22980B1ECA4CA600467CF0 /* DeviceCell.m */,
				AD22980C1ECA4CA600467CF0 /* DeviceCell.xib */,
			);
			name = "Custom Cells";
			sourceTree = "<group>";
		};
		72C281821EFC383F00127D9A /* IotivityAPIs */ = {
			isa = PBXGroup;
			children = (
				AD22980F1ECA50B500467CF0 /* iotivity_itf.h */,
				AD2298101ECA50B500467CF0 /* iotivity_itf.m */,
			);
			name = IotivityAPIs;
			sourceTree = "<group>";
		};
		72C2818D1EFC3C3500127D9A /* Constants */ = {
			isa = PBXGroup;
			children = (
				72C2818C1EFC3B9E00127D9A /* Constants.h */,
			);
			name = Constants;
			path = iotivity_sample;
			sourceTree = "<group>";
		};
		AD2297AD1ECA2A8200467CF0 = {
			isa = PBXGroup;
			children = (
				723CB0DE1F1562F300585A70 /* ios */,
				72562F0B1F06E57100ADC5D4 /* Charts.xcodeproj */,
				72562F061F06E23900ADC5D4 /* iotivity_sample-Bridging-Header.h */,
				728E0B411F01739A0022F03F /* SmartDeviceViewController */,
				AD2297B81ECA2A8200467CF0 /* iotivity_sample */,
				72C2818D1EFC3C3500127D9A /* Constants */,
				AD2297D21ECA2A8200467CF0 /* iotivity_sampleTests */,
				AD2297DD1ECA2A8200467CF0 /* iotivity_sampleUITests */,
				AD2297B71ECA2A8200467CF0 /* Products */,
				AD2297F61ECA427800467CF0 /* Frameworks */,
			);
			sourceTree = "<group>";
		};
		AD2297B71ECA2A8200467CF0 /* Products */ = {
			isa = PBXGroup;
			children = (
				AD2297B61ECA2A8200467CF0 /* iotivity_sample.app */,
				AD2297CF1ECA2A8200467CF0 /* iotivity_sampleTests.xctest */,
				AD2297DA1ECA2A8200467CF0 /* iotivity_sampleUITests.xctest */,
			);
			name = Products;
			sourceTree = "<group>";
		};
		AD2297B81ECA2A8200467CF0 /* iotivity_sample */ = {
			isa = PBXGroup;
			children = (
				727105071F1D76A600A43DBF /* linechart.png */,
				727104F71F1D466600A43DBF /* lightimg.png */,
				727104F81F1D466600A43DBF /* sensorimg.png */,
				AD2297BC1ECA2A8200467CF0 /* AppDelegate.h */,
				AD2297BD1ECA2A8200467CF0 /* AppDelegate.m */,
				AD2297C51ECA2A8200467CF0 /* Assets.xcassets */,
				72C281881EFC3A1F00127D9A /* Main.storyboard */,
				AD2297C71ECA2A8200467CF0 /* LaunchScreen.storyboard */,
				AD2297CA1ECA2A8200467CF0 /* Info.plist */,
				72C281811EFC383000127D9A /* Custom Cells */,
				72C2817E1EFC37AF00127D9A /* Peripheral classes */,
				AD2297B91ECA2A8200467CF0 /* Supporting Files */,
				72C2817F1EFC37C800127D9A /* DeviceViewController */,
				72C281801EFC37D400127D9A /* DeviceListViewController */,
				72C281821EFC383F00127D9A /* IotivityAPIs */,
				7208CA751F01B31500226321 /* HomeViewController */,
			);
			path = iotivity_sample;
			sourceTree = "<group>";
		};
		AD2297B91ECA2A8200467CF0 /* Supporting Files */ = {
			isa = PBXGroup;
			children = (
				AD2297BA1ECA2A8200467CF0 /* main.m */,
			);
			name = "Supporting Files";
			sourceTree = "<group>";
		};
		AD2297D21ECA2A8200467CF0 /* iotivity_sampleTests */ = {
			isa = PBXGroup;
			children = (
				AD2297D31ECA2A8200467CF0 /* iotivity_sampleTests.m */,
				AD2297D51ECA2A8200467CF0 /* Info.plist */,
			);
			path = iotivity_sampleTests;
			sourceTree = "<group>";
		};
		AD2297DD1ECA2A8200467CF0 /* iotivity_sampleUITests */ = {
			isa = PBXGroup;
			children = (
				AD2297DE1ECA2A8200467CF0 /* iotivity_sampleUITests.m */,
				AD2297E01ECA2A8200467CF0 /* Info.plist */,
			);
			path = iotivity_sampleUITests;
			sourceTree = "<group>";
		};
		AD2297F61ECA427800467CF0 /* Frameworks */ = {
			isa = PBXGroup;
			children = (
				72562F011F06DC6900ADC5D4 /* Charts.framework */,
				AD9E38FB1ED0BFDD00EFA8A4 /* iotivity-csdk.framework */,
				AD2298121ECA554F00467CF0 /* CoreBluetooth.framework */,
			);
			name = Frameworks;
			sourceTree = "<group>";
		};
/* End PBXGroup section */

/* Begin PBXNativeTarget section */
		AD2297B51ECA2A8200467CF0 /* iotivity_sample */ = {
			isa = PBXNativeTarget;
			buildConfigurationList = AD2297E31ECA2A8200467CF0 /* Build configuration list for PBXNativeTarget "iotivity_sample" */;
			buildPhases = (
				AD2297B21ECA2A8200467CF0 /* Sources */,
				AD2297B31ECA2A8200467CF0 /* Frameworks */,
				AD2297B41ECA2A8200467CF0 /* Resources */,
				723E92F21F101B7800C5C1DB /* Embed Frameworks */,
			);
			buildRules = (
			);
			dependencies = (
				723E92F11F101B7800C5C1DB /* PBXTargetDependency */,
			);
			name = iotivity_sample;
			productName = iotivity_sample;
			productReference = AD2297B61ECA2A8200467CF0 /* iotivity_sample.app */;
			productType = "com.apple.product-type.application";
		};
		AD2297CE1ECA2A8200467CF0 /* iotivity_sampleTests */ = {
			isa = PBXNativeTarget;
			buildConfigurationList = AD2297E61ECA2A8200467CF0 /* Build configuration list for PBXNativeTarget "iotivity_sampleTests" */;
			buildPhases = (
				AD2297CB1ECA2A8200467CF0 /* Sources */,
				AD2297CC1ECA2A8200467CF0 /* Frameworks */,
				AD2297CD1ECA2A8200467CF0 /* Resources */,
			);
			buildRules = (
			);
			dependencies = (
				AD2297D11ECA2A8200467CF0 /* PBXTargetDependency */,
			);
			name = iotivity_sampleTests;
			productName = iotivity_sampleTests;
			productReference = AD2297CF1ECA2A8200467CF0 /* iotivity_sampleTests.xctest */;
			productType = "com.apple.product-type.bundle.unit-test";
		};
		AD2297D91ECA2A8200467CF0 /* iotivity_sampleUITests */ = {
			isa = PBXNativeTarget;
			buildConfigurationList = AD2297E91ECA2A8200467CF0 /* Build configuration list for PBXNativeTarget "iotivity_sampleUITests" */;
			buildPhases = (
				AD2297D61ECA2A8200467CF0 /* Sources */,
				AD2297D71ECA2A8200467CF0 /* Frameworks */,
				AD2297D81ECA2A8200467CF0 /* Resources */,
			);
			buildRules = (
			);
			dependencies = (
				AD2297DC1ECA2A8200467CF0 /* PBXTargetDependency */,
			);
			name = iotivity_sampleUITests;
			productName = iotivity_sampleUITests;
			productReference = AD2297DA1ECA2A8200467CF0 /* iotivity_sampleUITests.xctest */;
			productType = "com.apple.product-type.bundle.ui-testing";
		};
/* End PBXNativeTarget section */

/* Begin PBXProject section */
		AD2297AE1ECA2A8200467CF0 /* Project object */ = {
			isa = PBXProject;
			attributes = {
				LastUpgradeCheck = 0830;
				ORGANIZATIONNAME = "Marko Kiiskila";
				TargetAttributes = {
					AD2297B51ECA2A8200467CF0 = {
						CreatedOnToolsVersion = 8.3.2;
						DevelopmentTeam = 3Z39VX985L;
						ProvisioningStyle = Automatic;
					};
					AD2297CE1ECA2A8200467CF0 = {
						CreatedOnToolsVersion = 8.3.2;
						ProvisioningStyle = Automatic;
						TestTargetID = AD2297B51ECA2A8200467CF0;
					};
					AD2297D91ECA2A8200467CF0 = {
						CreatedOnToolsVersion = 8.3.2;
						ProvisioningStyle = Automatic;
						TestTargetID = AD2297B51ECA2A8200467CF0;
					};
				};
			};
			buildConfigurationList = AD2297B11ECA2A8200467CF0 /* Build configuration list for PBXProject "iotivity_sample" */;
			compatibilityVersion = "Xcode 3.2";
			developmentRegion = English;
			hasScannedForEncodings = 0;
			knownRegions = (
				en,
				Base,
			);
			mainGroup = AD2297AD1ECA2A8200467CF0;
			productRefGroup = AD2297B71ECA2A8200467CF0 /* Products */;
			projectDirPath = "";
			projectReferences = (
				{
					ProductGroup = 72562F0C1F06E57100ADC5D4 /* Products */;
					ProjectRef = 72562F0B1F06E57100ADC5D4 /* Charts.xcodeproj */;
				},
			);
			projectRoot = "";
			targets = (
				AD2297B51ECA2A8200467CF0 /* iotivity_sample */,
				AD2297CE1ECA2A8200467CF0 /* iotivity_sampleTests */,
				AD2297D91ECA2A8200467CF0 /* iotivity_sampleUITests */,
			);
		};
/* End PBXProject section */

/* Begin PBXReferenceProxy section */
		72562F111F06E57100ADC5D4 /* Charts.framework */ = {
			isa = PBXReferenceProxy;
			fileType = wrapper.framework;
			path = Charts.framework;
			remoteRef = 72562F101F06E57100ADC5D4 /* PBXContainerItemProxy */;
			sourceTree = BUILT_PRODUCTS_DIR;
		};
		72562F131F06E57100ADC5D4 /* ChartsTests.xctest */ = {
			isa = PBXReferenceProxy;
			fileType = wrapper.cfbundle;
			path = ChartsTests.xctest;
			remoteRef = 72562F121F06E57100ADC5D4 /* PBXContainerItemProxy */;
			sourceTree = BUILT_PRODUCTS_DIR;
		};
/* End PBXReferenceProxy section */

/* Begin PBXResourcesBuildPhase section */
		AD2297B41ECA2A8200467CF0 /* Resources */ = {
			isa = PBXResourcesBuildPhase;
			buildActionMask = 2147483647;
			files = (
				723CB0DF1F1562F300585A70 /* ios in Resources */,
				727105081F1D76A600A43DBF /* linechart.png in Resources */,
				72366EDF1ED79E7E00BD1D28 /* DeviceListViewController.xib in Resources */,
				7226082E1EFC33E800C057B4 /* ResourceCell.xib in Resources */,
				AD2297C91ECA2A8200467CF0 /* LaunchScreen.storyboard in Resources */,
				7208CA7F1F01D07300226321 /* CompassViewController.xib in Resources */,
				727105051F1D71E000A43DBF /* SensorTableViewCell.xib in Resources */,
				72CE41101EFB26E600640431 /* DeviceViewController.xib in Resources */,
				AD2297C61ECA2A8200467CF0 /* Assets.xcassets in Resources */,
				7250ED961F26C18F00DB9294 /* LightViewController.xib in Resources */,
				72C281891EFC3A1F00127D9A /* Main.storyboard in Resources */,
				727104F91F1D466600A43DBF /* lightimg.png in Resources */,
				7208CA841F01E05E00226321 /* CompassTableViewCell.xib in Resources */,
				AD22980E1ECA4CA600467CF0 /* DeviceCell.xib in Resources */,
				728E0B401F0173940022F03F /* SmartDeviceViewController.xib in Resources */,
				727105001F1D69AE00A43DBF /* SensorViewController.xib in Resources */,
				72C281871EFC393C00127D9A /* HomeViewController.xib in Resources */,
				727104FA1F1D466600A43DBF /* sensorimg.png in Resources */,
				7208CA691F0180CD00226321 /* SmartDeviceTableViewCell.xib in Resources */,
				7208CA7A1F01B33800226321 /* HomeTableViewCell.xib in Resources */,
			);
			runOnlyForDeploymentPostprocessing = 0;
		};
		AD2297CD1ECA2A8200467CF0 /* Resources */ = {
			isa = PBXResourcesBuildPhase;
			buildActionMask = 2147483647;
			files = (
			);
			runOnlyForDeploymentPostprocessing = 0;
		};
		AD2297D81ECA2A8200467CF0 /* Resources */ = {
			isa = PBXResourcesBuildPhase;
			buildActionMask = 2147483647;
			files = (
			);
			runOnlyForDeploymentPostprocessing = 0;
		};
/* End PBXResourcesBuildPhase section */

/* Begin PBXSourcesBuildPhase section */
		AD2297B21ECA2A8200467CF0 /* Sources */ = {
			isa = PBXSourcesBuildPhase;
			buildActionMask = 2147483647;
			files = (
				AD2298031ECA467600467CF0 /* DeviceListViewController.m in Sources */,
				7208CA791F01B33800226321 /* HomeTableViewCell.m in Sources */,
				728E0B3F1F0173940022F03F /* SmartDeviceViewController.m in Sources */,
				AD2297BE1ECA2A8200467CF0 /* AppDelegate.m in Sources */,
				AD2297BB1ECA2A8200467CF0 /* main.m in Sources */,
				72C281861EFC393C00127D9A /* HomeViewController.m in Sources */,
				ADE3DE0F1ECBA7360084364C /* Peripheral.m in Sources */,
				7226082D1EFC33E800C057B4 /* ResourceCell.m in Sources */,
				727105041F1D71E000A43DBF /* SensorTableViewCell.m in Sources */,
				AD2298111ECA50B500467CF0 /* iotivity_itf.m in Sources */,
				AD22980D1ECA4CA600467CF0 /* DeviceCell.m in Sources */,
				7250ED951F26C18F00DB9294 /* LightViewController.m in Sources */,
				72CE411B1EFB277F00640431 /* DeviceViewController.m in Sources */,
				7208CA831F01E05E00226321 /* CompassTableViewCell.m in Sources */,
				72C2817D1EFC37A400127D9A /* PeripheralResource.m in Sources */,
				727104FF1F1D69AE00A43DBF /* SensorViewController.m in Sources */,
				7208CA681F0180CD00226321 /* SmartDeviceTableViewCell.m in Sources */,
				7208CA7E1F01D07300226321 /* CompassViewController.m in Sources */,
			);
			runOnlyForDeploymentPostprocessing = 0;
		};
		AD2297CB1ECA2A8200467CF0 /* Sources */ = {
			isa = PBXSourcesBuildPhase;
			buildActionMask = 2147483647;
			files = (
				AD2297D41ECA2A8200467CF0 /* iotivity_sampleTests.m in Sources */,
			);
			runOnlyForDeploymentPostprocessing = 0;
		};
		AD2297D61ECA2A8200467CF0 /* Sources */ = {
			isa = PBXSourcesBuildPhase;
			buildActionMask = 2147483647;
			files = (
				AD2297DF1ECA2A8200467CF0 /* iotivity_sampleUITests.m in Sources */,
			);
			runOnlyForDeploymentPostprocessing = 0;
		};
/* End PBXSourcesBuildPhase section */

/* Begin PBXTargetDependency section */
		723E92F11F101B7800C5C1DB /* PBXTargetDependency */ = {
			isa = PBXTargetDependency;
			name = Charts;
			targetProxy = 723E92F01F101B7800C5C1DB /* PBXContainerItemProxy */;
		};
		AD2297D11ECA2A8200467CF0 /* PBXTargetDependency */ = {
			isa = PBXTargetDependency;
			target = AD2297B51ECA2A8200467CF0 /* iotivity_sample */;
			targetProxy = AD2297D01ECA2A8200467CF0 /* PBXContainerItemProxy */;
		};
		AD2297DC1ECA2A8200467CF0 /* PBXTargetDependency */ = {
			isa = PBXTargetDependency;
			target = AD2297B51ECA2A8200467CF0 /* iotivity_sample */;
			targetProxy = AD2297DB1ECA2A8200467CF0 /* PBXContainerItemProxy */;
		};
/* End PBXTargetDependency section */

/* Begin PBXVariantGroup section */
		AD2297C71ECA2A8200467CF0 /* LaunchScreen.storyboard */ = {
			isa = PBXVariantGroup;
			children = (
				AD2297C81ECA2A8200467CF0 /* Base */,
			);
			name = LaunchScreen.storyboard;
			sourceTree = "<group>";
		};
/* End PBXVariantGroup section */

/* Begin XCBuildConfiguration section */
		AD2297E11ECA2A8200467CF0 /* Debug */ = {
			isa = XCBuildConfiguration;
			buildSettings = {
				ALWAYS_SEARCH_USER_PATHS = NO;
				CLANG_ANALYZER_NONNULL = YES;
				CLANG_ANALYZER_NUMBER_OBJECT_CONVERSION = YES_AGGRESSIVE;
				CLANG_CXX_LANGUAGE_STANDARD = "gnu++0x";
				CLANG_CXX_LIBRARY = "libc++";
				CLANG_ENABLE_MODULES = YES;
				CLANG_ENABLE_OBJC_ARC = YES;
				CLANG_WARN_BOOL_CONVERSION = YES;
				CLANG_WARN_CONSTANT_CONVERSION = YES;
				CLANG_WARN_DIRECT_OBJC_ISA_USAGE = YES_ERROR;
				CLANG_WARN_DOCUMENTATION_COMMENTS = YES;
				CLANG_WARN_EMPTY_BODY = YES;
				CLANG_WARN_ENUM_CONVERSION = YES;
				CLANG_WARN_INFINITE_RECURSION = YES;
				CLANG_WARN_INT_CONVERSION = YES;
				CLANG_WARN_OBJC_ROOT_CLASS = YES_ERROR;
				CLANG_WARN_SUSPICIOUS_MOVE = YES;
				CLANG_WARN_UNREACHABLE_CODE = YES;
				CLANG_WARN__DUPLICATE_METHOD_MATCH = YES;
				CODE_SIGN_IDENTITY = "";
				"CODE_SIGN_IDENTITY[sdk=*]" = "iPhone Developer";
				COPY_PHASE_STRIP = NO;
				DEBUG_INFORMATION_FORMAT = dwarf;
				ENABLE_STRICT_OBJC_MSGSEND = YES;
				ENABLE_TESTABILITY = YES;
				GCC_C_LANGUAGE_STANDARD = gnu99;
				GCC_DYNAMIC_NO_PIC = NO;
				GCC_NO_COMMON_BLOCKS = YES;
				GCC_OPTIMIZATION_LEVEL = 0;
				GCC_PREPROCESSOR_DEFINITIONS = (
					"DEBUG=1",
					"$(inherited)",
				);
				GCC_WARN_64_TO_32_BIT_CONVERSION = YES;
				GCC_WARN_ABOUT_RETURN_TYPE = YES_ERROR;
				GCC_WARN_UNDECLARED_SELECTOR = YES;
				GCC_WARN_UNINITIALIZED_AUTOS = YES_AGGRESSIVE;
				GCC_WARN_UNUSED_FUNCTION = YES;
				GCC_WARN_UNUSED_VARIABLE = YES;
				IPHONEOS_DEPLOYMENT_TARGET = 10.3;
				MTL_ENABLE_DEBUG_INFO = YES;
				ONLY_ACTIVE_ARCH = YES;
				SDKROOT = iphoneos;
				TARGETED_DEVICE_FAMILY = "1,2";
			};
			name = Debug;
		};
		AD2297E21ECA2A8200467CF0 /* Release */ = {
			isa = XCBuildConfiguration;
			buildSettings = {
				ALWAYS_SEARCH_USER_PATHS = NO;
				CLANG_ANALYZER_NONNULL = YES;
				CLANG_ANALYZER_NUMBER_OBJECT_CONVERSION = YES_AGGRESSIVE;
				CLANG_CXX_LANGUAGE_STANDARD = "gnu++0x";
				CLANG_CXX_LIBRARY = "libc++";
				CLANG_ENABLE_MODULES = YES;
				CLANG_ENABLE_OBJC_ARC = YES;
				CLANG_WARN_BOOL_CONVERSION = YES;
				CLANG_WARN_CONSTANT_CONVERSION = YES;
				CLANG_WARN_DIRECT_OBJC_ISA_USAGE = YES_ERROR;
				CLANG_WARN_DOCUMENTATION_COMMENTS = YES;
				CLANG_WARN_EMPTY_BODY = YES;
				CLANG_WARN_ENUM_CONVERSION = YES;
				CLANG_WARN_INFINITE_RECURSION = YES;
				CLANG_WARN_INT_CONVERSION = YES;
				CLANG_WARN_OBJC_ROOT_CLASS = YES_ERROR;
				CLANG_WARN_SUSPICIOUS_MOVE = YES;
				CLANG_WARN_UNREACHABLE_CODE = YES;
				CLANG_WARN__DUPLICATE_METHOD_MATCH = YES;
				CODE_SIGN_IDENTITY = "";
				"CODE_SIGN_IDENTITY[sdk=iphoneos*]" = "iPhone Developer";
				COPY_PHASE_STRIP = NO;
				DEBUG_INFORMATION_FORMAT = "dwarf-with-dsym";
				ENABLE_NS_ASSERTIONS = NO;
				ENABLE_STRICT_OBJC_MSGSEND = YES;
				GCC_C_LANGUAGE_STANDARD = gnu99;
				GCC_NO_COMMON_BLOCKS = YES;
				GCC_WARN_64_TO_32_BIT_CONVERSION = YES;
				GCC_WARN_ABOUT_RETURN_TYPE = YES_ERROR;
				GCC_WARN_UNDECLARED_SELECTOR = YES;
				GCC_WARN_UNINITIALIZED_AUTOS = YES_AGGRESSIVE;
				GCC_WARN_UNUSED_FUNCTION = YES;
				GCC_WARN_UNUSED_VARIABLE = YES;
				IPHONEOS_DEPLOYMENT_TARGET = 10.3;
				MTL_ENABLE_DEBUG_INFO = NO;
				SDKROOT = iphoneos;
				TARGETED_DEVICE_FAMILY = "1,2";
				VALIDATE_PRODUCT = YES;
			};
			name = Release;
		};
		AD2297E41ECA2A8200467CF0 /* Debug */ = {
			isa = XCBuildConfiguration;
			buildSettings = {
				ALWAYS_EMBED_SWIFT_STANDARD_LIBRARIES = YES;
				ASSETCATALOG_COMPILER_APPICON_NAME = AppIcon;
				CODE_SIGN_IDENTITY = "";
				"CODE_SIGN_IDENTITY[sdk=*]" = "iPhone Developer";
				"CODE_SIGN_IDENTITY[sdk=iphoneos*]" = "iPhone Developer";
				DEVELOPMENT_TEAM = 3Z39VX985L;
				ENABLE_BITCODE = NO;
				FRAMEWORK_SEARCH_PATHS = (
					"$(inherited)",
					"$(PROJECT_DIR)/iotivity_sample/iotivity/out/ios",
				);
				INFOPLIST_FILE = iotivity_sample/Info.plist;
				IPHONEOS_DEPLOYMENT_TARGET = 10.3;
				LD_RUNPATH_SEARCH_PATHS = "$(inherited) @executable_path/Frameworks";
				LIBRARY_SEARCH_PATHS = "$(inherited)";
				"OTHER_CFLAGS[arch=*]" = (
					"-DROUTING_EP",
					"-DTB_LOG",
					"-DIP_ADAPTER",
					"-DNO_EDR_ADAPTER",
					"-DLE_ADAPTER",
					"-DWITH_POSIX",
					"-D_DARWIN_C_SOURCE",
					"-DWITH_BWT",
					"-DWITH_TCP",
					"-DTB_LOG",
				);
				"OTHER_LDFLAGS[arch=*]" = "-v";
				PRODUCT_BUNDLE_IDENTIFIER = "iotivity-sample";
				PRODUCT_NAME = "$(TARGET_NAME)";
				PROVISIONING_PROFILE_SPECIFIER = "";
			};
			name = Debug;
		};
		AD2297E51ECA2A8200467CF0 /* Release */ = {
			isa = XCBuildConfiguration;
			buildSettings = {
				ALWAYS_EMBED_SWIFT_STANDARD_LIBRARIES = YES;
				ASSETCATALOG_COMPILER_APPICON_NAME = AppIcon;
				CODE_SIGN_IDENTITY = "";
				"CODE_SIGN_IDENTITY[sdk=iphoneos*]" = "iPhone Developer";
				DEVELOPMENT_TEAM = 3Z39VX985L;
				ENABLE_BITCODE = NO;
				FRAMEWORK_SEARCH_PATHS = (
					"$(inherited)",
					"$(PROJECT_DIR)/iotivity_sample/iotivity/out/ios",
				);
				INFOPLIST_FILE = iotivity_sample/Info.plist;
				IPHONEOS_DEPLOYMENT_TARGET = 10.3;
				LD_RUNPATH_SEARCH_PATHS = "$(inherited) @executable_path/Frameworks";
				LIBRARY_SEARCH_PATHS = "$(inherited)";
				"OTHER_CFLAGS[arch=*]" = (
					"-DROUTING_EP",
					"-DTB_LOG",
					"-DIP_ADAPTER",
					"-DNO_EDR_ADAPTER",
					"-DLE_ADAPTER",
					"-DWITH_POSIX",
					"-D_DARWIN_C_SOURCE",
					"-DWITH_BWT",
					"-DWITH_TCP",
					"-DTB_LOG",
				);
				PRODUCT_BUNDLE_IDENTIFIER = "iotivity-sample";
				PRODUCT_NAME = "$(TARGET_NAME)";
				PROVISIONING_PROFILE_SPECIFIER = "";
			};
			name = Release;
		};
		AD2297E71ECA2A8200467CF0 /* Debug */ = {
			isa = XCBuildConfiguration;
			buildSettings = {
				BUNDLE_LOADER = "$(TEST_HOST)";
				INFOPLIST_FILE = iotivity_sampleTests/Info.plist;
				LD_RUNPATH_SEARCH_PATHS = "$(inherited) @executable_path/Frameworks @loader_path/Frameworks";
				PRODUCT_BUNDLE_IDENTIFIER = "runtime.io.iotivity-sampleTests";
				PRODUCT_NAME = "$(TARGET_NAME)";
				TEST_HOST = "$(BUILT_PRODUCTS_DIR)/iotivity_sample.app/iotivity_sample";
			};
			name = Debug;
		};
		AD2297E81ECA2A8200467CF0 /* Release */ = {
			isa = XCBuildConfiguration;
			buildSettings = {
				BUNDLE_LOADER = "$(TEST_HOST)";
				INFOPLIST_FILE = iotivity_sampleTests/Info.plist;
				LD_RUNPATH_SEARCH_PATHS = "$(inherited) @executable_path/Frameworks @loader_path/Frameworks";
				PRODUCT_BUNDLE_IDENTIFIER = "runtime.io.iotivity-sampleTests";
				PRODUCT_NAME = "$(TARGET_NAME)";
				TEST_HOST = "$(BUILT_PRODUCTS_DIR)/iotivity_sample.app/iotivity_sample";
			};
			name = Release;
		};
		AD2297EA1ECA2A8200467CF0 /* Debug */ = {
			isa = XCBuildConfiguration;
			buildSettings = {
				INFOPLIST_FILE = iotivity_sampleUITests/Info.plist;
				LD_RUNPATH_SEARCH_PATHS = "$(inherited) @executable_path/Frameworks @loader_path/Frameworks";
				PRODUCT_BUNDLE_IDENTIFIER = "runtime.io.iotivity-sampleUITests";
				PRODUCT_NAME = "$(TARGET_NAME)";
				TEST_TARGET_NAME = iotivity_sample;
			};
			name = Debug;
		};
		AD2297EB1ECA2A8200467CF0 /* Release */ = {
			isa = XCBuildConfiguration;
			buildSettings = {
				INFOPLIST_FILE = iotivity_sampleUITests/Info.plist;
				LD_RUNPATH_SEARCH_PATHS = "$(inherited) @executable_path/Frameworks @loader_path/Frameworks";
				PRODUCT_BUNDLE_IDENTIFIER = "runtime.io.iotivity-sampleUITests";
				PRODUCT_NAME = "$(TARGET_NAME)";
				TEST_TARGET_NAME = iotivity_sample;
			};
			name = Release;
		};
/* End XCBuildConfiguration section */

/* Begin XCConfigurationList section */
		AD2297B11ECA2A8200467CF0 /* Build configuration list for PBXProject "iotivity_sample" */ = {
			isa = XCConfigurationList;
			buildConfigurations = (
				AD2297E11ECA2A8200467CF0 /* Debug */,
				AD2297E21ECA2A8200467CF0 /* Release */,
			);
			defaultConfigurationIsVisible = 0;
			defaultConfigurationName = Release;
		};
		AD2297E31ECA2A8200467CF0 /* Build configuration list for PBXNativeTarget "iotivity_sample" */ = {
			isa = XCConfigurationList;
			buildConfigurations = (
				AD2297E41ECA2A8200467CF0 /* Debug */,
				AD2297E51ECA2A8200467CF0 /* Release */,
			);
			defaultConfigurationIsVisible = 0;
			defaultConfigurationName = Release;
		};
		AD2297E61ECA2A8200467CF0 /* Build configuration list for PBXNativeTarget "iotivity_sampleTests" */ = {
			isa = XCConfigurationList;
			buildConfigurations = (
				AD2297E71ECA2A8200467CF0 /* Debug */,
				AD2297E81ECA2A8200467CF0 /* Release */,
			);
			defaultConfigurationIsVisible = 0;
			defaultConfigurationName = Release;
		};
		AD2297E91ECA2A8200467CF0 /* Build configuration list for PBXNativeTarget "iotivity_sampleUITests" */ = {
			isa = XCConfigurationList;
			buildConfigurations = (
				AD2297EA1ECA2A8200467CF0 /* Debug */,
				AD2297EB1ECA2A8200467CF0 /* Release */,
			);
			defaultConfigurationIsVisible = 0;
			defaultConfigurationName = Release;
		};
/* End XCConfigurationList section */
	};
	rootObject = AD2297AE1ECA2A8200467CF0 /* Project object */;
}
